{
  "nodes": {
    "doomemacs": {
      "flake": false,
      "locked": {
        "lastModified": 1759180402,
        "narHash": "sha256-Y67ooUjDMWjPk+/IjMRnhe+OPn19Q0wF73prtExwyiI=",
        "owner": "doomemacs",
        "repo": "doomemacs",
        "rev": "5e7e93beb9f2b5a81768aaf4950203ceea21c4f6",
        "type": "github"
      },
      "original": {
        "owner": "doomemacs",
        "repo": "doomemacs",
        "type": "github"
      }
    },
    "emacs-overlay": {
      "inputs": {
        "nixpkgs": [],
        "nixpkgs-stable": []
      },
      "locked": {
        "lastModified": 1760063290,
        "narHash": "sha256-g+T+VP61cXt5251Nkb9ZXdCzB/G2d8OCWkYTym2Gg2Y=",
        "owner": "nix-community",
        "repo": "emacs-overlay",
        "rev": "aadefe10293608840558ae08a40012dce9fd5ad6",
        "type": "github"
      },
      "original": {
        "owner": "nix-community",
        "repo": "emacs-overlay",
        "type": "github"
      }
    },
    "nixpkgs": {
      "locked": {
        "lastModified": 1759977445,
        "narHash": "sha256-LYr4IDfuihCkFAkSYz5//gT2r1ewcWBYgd5AxPzPLIo=",
        "owner": "NixOS",
        "repo": "nixpkgs",
        "rev": "2dad7af78a183b6c486702c18af8a9544f298377",
        "type": "github"
      },
      "original": {
        "id": "nixpkgs",
        "type": "indirect"
      }
    },
    "root": {
      "inputs": {
        "doomemacs": "doomemacs",
        "emacs-overlay": "emacs-overlay",
        "nixpkgs": "nixpkgs",
        "systems": "systems"
      }
    },
    "systems": {
      "locked": {
        "lastModified": 1681028828,
        "narHash": "sha256-Vy1rq5AaRuLzOxct8nz4T6wlgyUR7zLU309k9mBC768=",
        "owner": "nix-systems",
        "repo": "default",
        "rev": "da67096a3b9bf56a91d16901293e51ba5b49a27e",
        "type": "github"
      },
      "original": {
        "owner": "nix-systems",
        "repo": "default",
        "type": "github"
      }
    }
  },
  "root": "root",
  "version": 7
}
